
Microsoft Visual Studio Solution File, Format Version 12.00
# Visual Studio Version 17
VisualStudioVersion = 17.7.34202.233
MinimumVisualStudioVersion = 10.0.40219.1
Project("{FAE04EC0-301F-11D3-BF4B-00C04F79EFBC}") = "Встреча 2", "Встреча 2\Встреча 2.csproj", "{D366C779-E591-4430-8B76-3F997BF490FB}"
EndProject
Global
	GlobalSection(SolutionConfigurationPlatforms) = preSolution
		Debug|Any CPU = Debug|Any CPU
		Release|Any CPU = Release|Any CPU
	EndGlobalSection
	GlobalSection(ProjectConfigurationPlatforms) = postSolution
		{D366C779-E591-4430-8B76-3F997BF490FB}.Debug|Any CPU.ActiveCfg = Debug|Any CPU
		{D366C779-E591-4430-8B76-3F997BF490FB}.Debug|Any CPU.Build.0 = Debug|Any CPU
		{D366C779-E591-4430-8B76-3F997BF490FB}.Release|Any CPU.ActiveCfg = Release|Any CPU
		{D366C779-E591-4430-8B76-3F997BF490FB}.Release|Any CPU.Build.0 = Release|Any CPU
	EndGlobalSection
	GlobalSection(SolutionProperties) = preSolution
		HideSolutionNode = FALSE
	EndGlobalSection
	GlobalSection(ExtensibilityGlobals) = postSolution
		SolutionGuid = {92E414FB-09E9-49CB-A2F0-0B9E77793CEB}
	EndGlobalSection
EndGlobal
